{
  "requires": true,
  "lockfileVersion": 1,
  "dependencies": {
    "@angular/cdk": {
      "version": "8.1.2",
      "resolved": "https://registry.npmjs.org/@angular/cdk/-/cdk-8.1.2.tgz",
      "integrity": "sha512-jzPT1mMfGaA2xjnkMh1kd0uyWI7pz58/7BWBijLtSLKM9+HkhrnqXIHesKNE7EwpapzuPBtkGm3MGl661goIvA==",
      "requires": {
        "parse5": "^5.0.0",
        "tslib": "^1.7.1"
      }
    },
    "@ant-design/colors": {
      "version": "3.1.0",
      "resolved": "https://registry.npmjs.org/@ant-design/colors/-/colors-3.1.0.tgz",
      "integrity": "sha512-Td7g1P53sNFyT4Gya6836e70TrhoVZ+HjZs6mpWIHrxl4/VqsjjOyzj/8ktOuw0lCx+BfYu9UO1CiJ0MoYYfhg==",
      "requires": {
        "tinycolor2": "^1.4.1"
      }
    },
    "@ant-design/icons-angular": {
      "version": "8.0.3",
      "resolved": "https://registry.npmjs.org/@ant-design/icons-angular/-/icons-angular-8.0.3.tgz",
      "integrity": "sha512-P7h4g/cy2m3sb8N238QIMSHHPyJcYJahqZlDqQYxWChk3zNrSJfyWs9Rp1cEt68ZjMxsw1vwh4Fbvvm97dFedA==",
      "requires": {
        "@ant-design/colors": "^3.1.0",
        "tslib": "^1.9.0"
      }
    },
    "date-fns": {
      "version": "1.30.1",
      "resolved": "https://registry.npmjs.org/date-fns/-/date-fns-1.30.1.tgz",
      "integrity": "sha512-hBSVCvSmWC+QypYObzwGOd9wqdDpOt+0wl0KbU+R+uuZBS1jN8VsD1ss3irQDknRj5NvxiTF6oj/nDRnN/UQNw=="
    },
    "parse5": {
      "version": "5.1.0",
      "resolved": "https://registry.npmjs.org/parse5/-/parse5-5.1.0.tgz",
      "integrity": "sha512-fxNG2sQjHvlVAYmzBZS9YlDp6PTSSDwa98vkD4QgVDDCAo84z5X1t5XyJQ62ImdLXx5NdIIfihey6xpum9/gRQ=="
    },
    "tinycolor2": {
      "version": "1.4.1",
      "resolved": "https://registry.npmjs.org/tinycolor2/-/tinycolor2-1.4.1.tgz",
      "integrity": "sha1-9PrTM0R7wLB9TcjpIJ2POaisd+g="
    },
    "tslib": {
      "version": "1.10.0",
      "resolved": "https://registry.npmjs.org/tslib/-/tslib-1.10.0.tgz",
      "integrity": "sha512-qOebF53frne81cf0S9B41ByenJ3/IuH8yJKngAX35CmiZySA0khhkovshKK+jGCaMnVomla7gVlIcc3EvKPbTQ=="
    }
  }
}
